{
  "name": "califica",
  "version": "1.0.0",
  "lockfileVersion": 1,
  "requires": true,
  "dependencies": {
    "@lit-element-bootstrap/card": {
      "version": "1.0.0-alpha.2",
      "resolved": "https://registry.npmjs.org/@lit-element-bootstrap/card/-/card-1.0.0-alpha.2.tgz",
      "integrity": "sha512-fqUZSrKg+oDkVb+RRfPQOIaBGc91565KaXDTts7OaSnP9Czf9AisJODVodY7WVMr8CCbVkBeL4Gr8Z3AMJ70qg==",
      "requires": {
        "@lit-element-bootstrap/content": "^1.0.0-alpha.3",
        "@lit-element-bootstrap/utilities": "^1.0.0-alpha.4",
        "lit-element": "^2.2.1"
      }
    },
    "@lit-element-bootstrap/content": {
      "version": "1.0.0-alpha.3",
      "resolved": "https://registry.npmjs.org/@lit-element-bootstrap/content/-/content-1.0.0-alpha.3.tgz",
      "integrity": "sha512-uE8xjp0EoHdPaEurDyJYf/inQg2IJQdBYdzYrz8qrIPYK3dh8xCgcoNOXSxrFqeHB2rm7SJfWFiEyL0AdCwGLg==",
      "requires": {
        "lit-element": "^2.2.1"
      }
    },
    "@lit-element-bootstrap/utilities": {
      "version": "1.0.0-alpha.4",
      "resolved": "https://registry.npmjs.org/@lit-element-bootstrap/utilities/-/utilities-1.0.0-alpha.4.tgz",
      "integrity": "sha512-z1jhVNWFlFCDDs6wzbtC+p7xPpIAlvnlEXPg7Gp7s4/Qn5jo1ZBlsGeWDxRSPeJouTy/S5qqc7hskKD1b4B/nw==",
      "requires": {
        "lit-element": "^2.2.1"
      }
    },
    "lit-element": {
      "version": "2.3.1",
      "resolved": "https://registry.npmjs.org/lit-element/-/lit-element-2.3.1.tgz",
      "integrity": "sha512-tOcUAmeO3BzwiQ7FGWdsshNvC0HVHcTFYw/TLIImmKwXYoV0E7zCBASa8IJ7DiP4cen/Yoj454gS0qqTnIGsFA==",
      "requires": {
        "lit-html": "^1.1.1"
      }
    },
    "lit-html": {
      "version": "1.2.1",
      "resolved": "https://registry.npmjs.org/lit-html/-/lit-html-1.2.1.tgz",
      "integrity": "sha512-GSJHHXMGLZDzTRq59IUfL9FCdAlGfqNp/dEa7k7aBaaWD+JKaCjsAk9KYm2V12ItonVaYx2dprN66Zdm1AuBTQ=="
    }
  }
}
